
Microsoft Visual Studio Solution File, Format Version 12.00
# Visual Studio Version 16
VisualStudioVersion = 16.0.30907.101
MinimumVisualStudioVersion = 10.0.40219.1
Project("{FAE04EC0-301F-11D3-BF4B-00C04F79EFBC}") = "RoomReservation", "RoomReservation.csproj", "{0427BF53-0A79-449C-BE4A-502D0E0A1A0E}"
EndProject
Global
	GlobalSection(SolutionConfigurationPlatforms) = preSolution
		Debug|Any CPU = Debug|Any CPU
		Release|Any CPU = Release|Any CPU
	EndGlobalSection
	GlobalSection(ProjectConfigurationPlatforms) = postSolution
		{0427BF53-0A79-449C-BE4A-502D0E0A1A0E}.Debug|Any CPU.ActiveCfg = Debug|Any CPU
		{0427BF53-0A79-449C-BE4A-502D0E0A1A0E}.Debug|Any CPU.Build.0 = Debug|Any CPU
		{0427BF53-0A79-449C-BE4A-502D0E0A1A0E}.Release|Any CPU.ActiveCfg = Release|Any CPU
		{0427BF53-0A79-449C-BE4A-502D0E0A1A0E}.Release|Any CPU.Build.0 = Release|Any CPU
	EndGlobalSection
	GlobalSection(SolutionProperties) = preSolution
		HideSolutionNode = FALSE
	EndGlobalSection
	GlobalSection(ExtensibilityGlobals) = postSolution
		SolutionGuid = {5B2E8D40-B71C-4CD9-A2AD-24E61CBEC1CB}
	EndGlobalSection
EndGlobal
